
Microsoft Visual Studio Solution File, Format Version 12.00
# Visual Studio Version 17
VisualStudioVersion = 17.4.33213.308
MinimumVisualStudioVersion = 10.0.40219.1
Project("{FAE04EC0-301F-11D3-BF4B-00C04F79EFBC}") = "FolkvangShop", "FolkvangShop\FolkvangShop.csproj", "{B0D6AB16-9B73-4E05-8623-ED19E3B4EC19}"
EndProject
Global
	GlobalSection(SolutionConfigurationPlatforms) = preSolution
		Debug|Any CPU = Debug|Any CPU
		Release|Any CPU = Release|Any CPU
	EndGlobalSection
	GlobalSection(ProjectConfigurationPlatforms) = postSolution
		{B0D6AB16-9B73-4E05-8623-ED19E3B4EC19}.Debug|Any CPU.ActiveCfg = Debug|Any CPU
		{B0D6AB16-9B73-4E05-8623-ED19E3B4EC19}.Debug|Any CPU.Build.0 = Debug|Any CPU
		{B0D6AB16-9B73-4E05-8623-ED19E3B4EC19}.Release|Any CPU.ActiveCfg = Release|Any CPU
		{B0D6AB16-9B73-4E05-8623-ED19E3B4EC19}.Release|Any CPU.Build.0 = Release|Any CPU
	EndGlobalSection
	GlobalSection(SolutionProperties) = preSolution
		HideSolutionNode = FALSE
	EndGlobalSection
	GlobalSection(ExtensibilityGlobals) = postSolution
		SolutionGuid = {5E1716FA-F325-4363-9A1E-74160744D8BA}
	EndGlobalSection
EndGlobal
